{
  "name": "@aiotize/brand-web",
  "version": "1.0.0",
  "lockfileVersion": 3,
  "requires": true,
  "packages": {
    "": {
      "name": "@aiotize/brand-web",
      "version": "1.0.0",
      "license": "Apache-2.0",
      "devDependencies": {
        "@aiotize/brand-tokens": "file:../../tokens"
      },
      "peerDependencies": {
        "react": ">=17.0.0",
        "react-dom": ">=17.0.0"
      },
      "peerDependenciesMeta": {
        "react": {
          "optional": true
        },
        "react-dom": {
          "optional": true
        }
      }
    },
    "../../tokens": {
      "name": "@aiotize/brand-tokens",
      "version": "1.0.0",
      "dev": true,
      "license": "Apache-2.0",
      "devDependencies": {
        "style-dictionary": "^4.3.0"
      }
    },
    "node_modules/@aiotize/brand-tokens": {
      "resolved": "../../tokens",
      "link": true
    }
  }
}
